
Microsoft Visual Studio Solution File, Format Version 12.00
# Visual Studio Version 17
VisualStudioVersion = 17.7.34031.279
MinimumVisualStudioVersion = 10.0.40219.1
Project("{FAE04EC0-301F-11D3-BF4B-00C04F79EFBC}") = "TratamentoDeExcecoesContaBancaria", "TratamentoDeExcecoesContaBancaria\TratamentoDeExcecoesContaBancaria.csproj", "{6E3B5A4E-4F83-41DD-AA68-DFCF00E8ADE0}"
EndProject
Global
	GlobalSection(SolutionConfigurationPlatforms) = preSolution
		Debug|Any CPU = Debug|Any CPU
		Release|Any CPU = Release|Any CPU
	EndGlobalSection
	GlobalSection(ProjectConfigurationPlatforms) = postSolution
		{6E3B5A4E-4F83-41DD-AA68-DFCF00E8ADE0}.Debug|Any CPU.ActiveCfg = Debug|Any CPU
		{6E3B5A4E-4F83-41DD-AA68-DFCF00E8ADE0}.Debug|Any CPU.Build.0 = Debug|Any CPU
		{6E3B5A4E-4F83-41DD-AA68-DFCF00E8ADE0}.Release|Any CPU.ActiveCfg = Release|Any CPU
		{6E3B5A4E-4F83-41DD-AA68-DFCF00E8ADE0}.Release|Any CPU.Build.0 = Release|Any CPU
	EndGlobalSection
	GlobalSection(SolutionProperties) = preSolution
		HideSolutionNode = FALSE
	EndGlobalSection
	GlobalSection(ExtensibilityGlobals) = postSolution
		SolutionGuid = {C4B43591-A202-4542-A5B9-EDCC32798528}
	EndGlobalSection
EndGlobal
